
Microsoft Visual Studio Solution File, Format Version 12.00
# Visual Studio Version 17
VisualStudioVersion = 17.14.36203.30 d17.14
MinimumVisualStudioVersion = 10.0.40219.1
Project("{888888A0-9F3D-457C-B088-3A5042F75D52}") = "webstraper", "webstraper\webstraper.pyproj", "{6A701D07-538F-4641-A2FF-544A579DB49B}"
EndProject
Global
	GlobalSection(SolutionConfigurationPlatforms) = preSolution
		Debug|Any CPU = Debug|Any CPU
		Release|Any CPU = Release|Any CPU
	EndGlobalSection
	GlobalSection(ProjectConfigurationPlatforms) = postSolution
		{6A701D07-538F-4641-A2FF-544A579DB49B}.Debug|Any CPU.ActiveCfg = Debug|Any CPU
		{6A701D07-538F-4641-A2FF-544A579DB49B}.Release|Any CPU.ActiveCfg = Release|Any CPU
	EndGlobalSection
	GlobalSection(SolutionProperties) = preSolution
		HideSolutionNode = FALSE
	EndGlobalSection
	GlobalSection(ExtensibilityGlobals) = postSolution
		SolutionGuid = {A4D75118-ED27-4C3B-A15F-F5EEF8A73CD7}
	EndGlobalSection
EndGlobal
